# This file is autogenerated, do not edit; changes may be undone by the next 'dep ensure'.


[[projects]]
  name = "github.com/davecgh/go-spew"
  packages = ["spew"]
  revision = "346938d642f2ec3594ed81d874461961cd0faa76"
  version = "v1.1.0"

[[projects]]
  branch = "master"
  name = "github.com/juju/loggo"
  packages = ["."]
  revision = "8232ab8918d91c72af1a9fb94d3edbe31d88b790"

[[projects]]
  name = "github.com/kelseyhightower/envconfig"
  packages = ["."]
  revision = "f611eb38b3875cc3bd991ca91c51d06446afa14c"
  version = "v1.3.0"

[[projects]]
  name = "github.com/sethdmoore/telebot"
  packages = ["."]
  revision = "40c91ee0b4c635ca2f520c54617306092cabb845"
  version = "v1.0"

[solve-meta]
  analyzer-name = "dep"
  analyzer-version = 1
  inputs-digest = "1b8d9ff25016a74f422667473d238f9cb83e8a1fc713d7562395a1c1719c5521"
  solver-name = "gps-cdcl"
  solver-version = 1
